
Microsoft Visual Studio Solution File, Format Version 12.00
# Visual Studio Version 16
VisualStudioVersion = 16.0.28803.202
MinimumVisualStudioVersion = 10.0.40219.1
Project("{2150E333-8FDC-42A3-9474-1A3956D46DE8}") = "Common", "Common", "{F9C2D995-452B-4083-A065-A1B0E3891B7F}"
EndProject
Project("{2150E333-8FDC-42A3-9474-1A3956D46DE8}") = "Core", "Core", "{BDAE3EC0-803E-4A09-BE11-21AF548DC723}"
EndProject
Project("{2150E333-8FDC-42A3-9474-1A3956D46DE8}") = "Infrastructure", "Infrastructure", "{574CD7DC-33E9-4F06-8A9E-B1290CEA6C7E}"
EndProject
Project("{2150E333-8FDC-42A3-9474-1A3956D46DE8}") = "Presentation", "Presentation", "{0FD08227-AF94-4905-84CB-1A2F57A974E5}"
EndProject
Project("{9A19103F-16F7-4668-BE54-9A1E7A4F7556}") = "SmartSchedule.Common", "SmartSchedule.Common\SmartSchedule.Common.csproj", "{574868D3-6A8D-4463-B86F-9F556B5D9A82}"
EndProject
Project("{9A19103F-16F7-4668-BE54-9A1E7A4F7556}") = "SmartSchedule.Domain", "SmartSchedule.Domain\SmartSchedule.Domain.csproj", "{F4C65DC0-60B5-4DCA-8D43-3A852A69E527}"
EndProject
Project("{9A19103F-16F7-4668-BE54-9A1E7A4F7556}") = "SmartSchedule.Application", "SmartSchedule.Application\SmartSchedule.Application.csproj", "{614E1FA6-8DD0-4409-84D8-D7A51CDEE26A}"
EndProject
Project("{9A19103F-16F7-4668-BE54-9A1E7A4F7556}") = "SmartSchedule.Infrastucture", "SmartSchedule.Infrastucture\SmartSchedule.Infrastucture.csproj", "{5D549240-BCA2-47D9-8776-D2C30886BA43}"
EndProject
Project("{9A19103F-16F7-4668-BE54-9A1E7A4F7556}") = "SmartSchedule.Persistence", "SmartSchedule.Persistence\SmartSchedule.Persistence.csproj", "{E35EBB5A-2839-4F74-B2AF-3451EE7FD39D}"
EndProject
Project("{9A19103F-16F7-4668-BE54-9A1E7A4F7556}") = "SmartSchedule.Api", "SmartSchedule.Api\SmartSchedule.Api.csproj", "{56718680-1636-4CD2-9535-8AFAF6F60D07}"
EndProject
Project("{2150E333-8FDC-42A3-9474-1A3956D46DE8}") = "Tests", "Tests", "{4F90F73F-0030-43EC-86C3-B522402F71AA}"
EndProject
Project("{9A19103F-16F7-4668-BE54-9A1E7A4F7556}") = "SmartSchedule.Test", "SmartSchedule.Test\SmartSchedule.Test.csproj", "{0FB47B07-412A-42EC-B7A6-849A7D138777}"
EndProject
Project("{FAE04EC0-301F-11D3-BF4B-00C04F79EFBC}") = "SmartSchedule.Application.DTO", "SmartSchedule.Application.DTO\SmartSchedule.Application.DTO.csproj", "{E1577EE1-8B48-437F-9FA1-154B2DF21684}"
EndProject
Global
	GlobalSection(SolutionConfigurationPlatforms) = preSolution
		Debug|Any CPU = Debug|Any CPU
		Release|Any CPU = Release|Any CPU
	EndGlobalSection
	GlobalSection(ProjectConfigurationPlatforms) = postSolution
		{574868D3-6A8D-4463-B86F-9F556B5D9A82}.Debug|Any CPU.ActiveCfg = Debug|Any CPU
		{574868D3-6A8D-4463-B86F-9F556B5D9A82}.Debug|Any CPU.Build.0 = Debug|Any CPU
		{574868D3-6A8D-4463-B86F-9F556B5D9A82}.Release|Any CPU.ActiveCfg = Release|Any CPU
		{574868D3-6A8D-4463-B86F-9F556B5D9A82}.Release|Any CPU.Build.0 = Release|Any CPU
		{F4C65DC0-60B5-4DCA-8D43-3A852A69E527}.Debug|Any CPU.ActiveCfg = Debug|Any CPU
		{F4C65DC0-60B5-4DCA-8D43-3A852A69E527}.Debug|Any CPU.Build.0 = Debug|Any CPU
		{F4C65DC0-60B5-4DCA-8D43-3A852A69E527}.Release|Any CPU.ActiveCfg = Release|Any CPU
		{F4C65DC0-60B5-4DCA-8D43-3A852A69E527}.Release|Any CPU.Build.0 = Release|Any CPU
		{614E1FA6-8DD0-4409-84D8-D7A51CDEE26A}.Debug|Any CPU.ActiveCfg = Debug|Any CPU
		{614E1FA6-8DD0-4409-84D8-D7A51CDEE26A}.Debug|Any CPU.Build.0 = Debug|Any CPU
		{614E1FA6-8DD0-4409-84D8-D7A51CDEE26A}.Release|Any CPU.ActiveCfg = Release|Any CPU
		{614E1FA6-8DD0-4409-84D8-D7A51CDEE26A}.Release|Any CPU.Build.0 = Release|Any CPU
		{5D549240-BCA2-47D9-8776-D2C30886BA43}.Debug|Any CPU.ActiveCfg = Debug|Any CPU
		{5D549240-BCA2-47D9-8776-D2C30886BA43}.Debug|Any CPU.Build.0 = Debug|Any CPU
		{5D549240-BCA2-47D9-8776-D2C30886BA43}.Release|Any CPU.ActiveCfg = Release|Any CPU
		{5D549240-BCA2-47D9-8776-D2C30886BA43}.Release|Any CPU.Build.0 = Release|Any CPU
		{E35EBB5A-2839-4F74-B2AF-3451EE7FD39D}.Debug|Any CPU.ActiveCfg = Debug|Any CPU
		{E35EBB5A-2839-4F74-B2AF-3451EE7FD39D}.Debug|Any CPU.Build.0 = Debug|Any CPU
		{E35EBB5A-2839-4F74-B2AF-3451EE7FD39D}.Release|Any CPU.ActiveCfg = Release|Any CPU
		{E35EBB5A-2839-4F74-B2AF-3451EE7FD39D}.Release|Any CPU.Build.0 = Release|Any CPU
		{56718680-1636-4CD2-9535-8AFAF6F60D07}.Debug|Any CPU.ActiveCfg = Debug|Any CPU
		{56718680-1636-4CD2-9535-8AFAF6F60D07}.Debug|Any CPU.Build.0 = Debug|Any CPU
		{56718680-1636-4CD2-9535-8AFAF6F60D07}.Release|Any CPU.ActiveCfg = Release|Any CPU
		{56718680-1636-4CD2-9535-8AFAF6F60D07}.Release|Any CPU.Build.0 = Release|Any CPU
		{0FB47B07-412A-42EC-B7A6-849A7D138777}.Debug|Any CPU.ActiveCfg = Debug|Any CPU
		{0FB47B07-412A-42EC-B7A6-849A7D138777}.Debug|Any CPU.Build.0 = Debug|Any CPU
		{0FB47B07-412A-42EC-B7A6-849A7D138777}.Release|Any CPU.ActiveCfg = Release|Any CPU
		{0FB47B07-412A-42EC-B7A6-849A7D138777}.Release|Any CPU.Build.0 = Release|Any CPU
		{E1577EE1-8B48-437F-9FA1-154B2DF21684}.Debug|Any CPU.ActiveCfg = Debug|Any CPU
		{E1577EE1-8B48-437F-9FA1-154B2DF21684}.Debug|Any CPU.Build.0 = Debug|Any CPU
		{E1577EE1-8B48-437F-9FA1-154B2DF21684}.Release|Any CPU.ActiveCfg = Release|Any CPU
		{E1577EE1-8B48-437F-9FA1-154B2DF21684}.Release|Any CPU.Build.0 = Release|Any CPU
	EndGlobalSection
	GlobalSection(SolutionProperties) = preSolution
		HideSolutionNode = FALSE
	EndGlobalSection
	GlobalSection(NestedProjects) = preSolution
		{574868D3-6A8D-4463-B86F-9F556B5D9A82} = {F9C2D995-452B-4083-A065-A1B0E3891B7F}
		{F4C65DC0-60B5-4DCA-8D43-3A852A69E527} = {BDAE3EC0-803E-4A09-BE11-21AF548DC723}
		{614E1FA6-8DD0-4409-84D8-D7A51CDEE26A} = {BDAE3EC0-803E-4A09-BE11-21AF548DC723}
		{5D549240-BCA2-47D9-8776-D2C30886BA43} = {574CD7DC-33E9-4F06-8A9E-B1290CEA6C7E}
		{E35EBB5A-2839-4F74-B2AF-3451EE7FD39D} = {574CD7DC-33E9-4F06-8A9E-B1290CEA6C7E}
		{56718680-1636-4CD2-9535-8AFAF6F60D07} = {0FD08227-AF94-4905-84CB-1A2F57A974E5}
		{0FB47B07-412A-42EC-B7A6-849A7D138777} = {4F90F73F-0030-43EC-86C3-B522402F71AA}
		{E1577EE1-8B48-437F-9FA1-154B2DF21684} = {BDAE3EC0-803E-4A09-BE11-21AF548DC723}
	EndGlobalSection
	GlobalSection(ExtensibilityGlobals) = postSolution
		SolutionGuid = {FEE34079-159B-49A1-87E6-C94969EE6487}
	EndGlobalSection
EndGlobal
